
Microsoft Visual Studio Solution File, Format Version 12.00
# Visual Studio Version 17
VisualStudioVersion = 17.3.32929.385
MinimumVisualStudioVersion = 10.0.40219.1
Project("{FAE04EC0-301F-11D3-BF4B-00C04F79EFBC}") = "BestOilMVP", "BestOilMVP\BestOilMVP.csproj", "{3DFB8787-CF09-449E-827E-FC372C0DEB5A}"
EndProject
Global
	GlobalSection(SolutionConfigurationPlatforms) = preSolution
		Debug|Any CPU = Debug|Any CPU
		Release|Any CPU = Release|Any CPU
	EndGlobalSection
	GlobalSection(ProjectConfigurationPlatforms) = postSolution
		{3DFB8787-CF09-449E-827E-FC372C0DEB5A}.Debug|Any CPU.ActiveCfg = Debug|Any CPU
		{3DFB8787-CF09-449E-827E-FC372C0DEB5A}.Debug|Any CPU.Build.0 = Debug|Any CPU
		{3DFB8787-CF09-449E-827E-FC372C0DEB5A}.Release|Any CPU.ActiveCfg = Release|Any CPU
		{3DFB8787-CF09-449E-827E-FC372C0DEB5A}.Release|Any CPU.Build.0 = Release|Any CPU
	EndGlobalSection
	GlobalSection(SolutionProperties) = preSolution
		HideSolutionNode = FALSE
	EndGlobalSection
	GlobalSection(ExtensibilityGlobals) = postSolution
		SolutionGuid = {7E8A380C-779C-4DFB-A009-0D1992C34679}
	EndGlobalSection
EndGlobal
